
Microsoft Visual Studio Solution File, Format Version 12.00
# Visual Studio Version 17
VisualStudioVersion = 17.0.32112.339
MinimumVisualStudioVersion = 10.0.40219.1
Project("{FAE04EC0-301F-11D3-BF4B-00C04F79EFBC}") = "Prime number or Not", "Prime number or Not\Prime number or Not.csproj", "{6DEDA1FE-ADD6-4C98-8D59-A8EB2499719F}"
EndProject
Global
	GlobalSection(SolutionConfigurationPlatforms) = preSolution
		Debug|Any CPU = Debug|Any CPU
		Release|Any CPU = Release|Any CPU
	EndGlobalSection
	GlobalSection(ProjectConfigurationPlatforms) = postSolution
		{6DEDA1FE-ADD6-4C98-8D59-A8EB2499719F}.Debug|Any CPU.ActiveCfg = Debug|Any CPU
		{6DEDA1FE-ADD6-4C98-8D59-A8EB2499719F}.Debug|Any CPU.Build.0 = Debug|Any CPU
		{6DEDA1FE-ADD6-4C98-8D59-A8EB2499719F}.Release|Any CPU.ActiveCfg = Release|Any CPU
		{6DEDA1FE-ADD6-4C98-8D59-A8EB2499719F}.Release|Any CPU.Build.0 = Release|Any CPU
	EndGlobalSection
	GlobalSection(SolutionProperties) = preSolution
		HideSolutionNode = FALSE
	EndGlobalSection
	GlobalSection(ExtensibilityGlobals) = postSolution
		SolutionGuid = {7E4E4F5F-78D5-4CF2-AC48-77BDC5E2D402}
	EndGlobalSection
EndGlobal
